
Microsoft Visual Studio Solution File, Format Version 12.00
# Visual Studio Version 16
VisualStudioVersion = 16.0.31019.35
MinimumVisualStudioVersion = 10.0.40219.1
Project("{FAE04EC0-301F-11D3-BF4B-00C04F79EFBC}") = "Undine.MinEcs", "Undine.MinEcs\Undine.MinEcs.csproj", "{821979F6-6D4F-4277-ACA6-4392490D2862}"
EndProject
Global
	GlobalSection(SolutionConfigurationPlatforms) = preSolution
		Debug|Any CPU = Debug|Any CPU
		Release|Any CPU = Release|Any CPU
	EndGlobalSection
	GlobalSection(ProjectConfigurationPlatforms) = postSolution
		{821979F6-6D4F-4277-ACA6-4392490D2862}.Debug|Any CPU.ActiveCfg = Debug|Any CPU
		{821979F6-6D4F-4277-ACA6-4392490D2862}.Debug|Any CPU.Build.0 = Debug|Any CPU
		{821979F6-6D4F-4277-ACA6-4392490D2862}.Release|Any CPU.ActiveCfg = Release|Any CPU
		{821979F6-6D4F-4277-ACA6-4392490D2862}.Release|Any CPU.Build.0 = Release|Any CPU
	EndGlobalSection
	GlobalSection(SolutionProperties) = preSolution
		HideSolutionNode = FALSE
	EndGlobalSection
	GlobalSection(ExtensibilityGlobals) = postSolution
		SolutionGuid = {4C2A16B3-16BB-4934-8409-13C8424800FF}
	EndGlobalSection
EndGlobal
