
Microsoft Visual Studio Solution File, Format Version 12.00
# Visual Studio Version 17
VisualStudioVersion = 17.5.33627.172
MinimumVisualStudioVersion = 10.0.40219.1
Project("{9A19103F-16F7-4668-BE54-9A1E7A4F7556}") = "Undine.MinEcs", "Undine.MinEcs\Undine.MinEcs.csproj", "{821979F6-6D4F-4277-ACA6-4392490D2862}"
EndProject
Project("{FAE04EC0-301F-11D3-BF4B-00C04F79EFBC}") = "Undine.MinEcs.Console", "Undine.MinEcs.Console\Undine.MinEcs.Console.csproj", "{CE2DC21A-F55F-4B74-8B2B-07EBE6FD43F2}"
EndProject
Global
	GlobalSection(SolutionConfigurationPlatforms) = preSolution
		Debug|Any CPU = Debug|Any CPU
		Debug|x64 = Debug|x64
		Release|Any CPU = Release|Any CPU
		Release|x64 = Release|x64
	EndGlobalSection
	GlobalSection(ProjectConfigurationPlatforms) = postSolution
		{821979F6-6D4F-4277-ACA6-4392490D2862}.Debug|Any CPU.ActiveCfg = Debug|Any CPU
		{821979F6-6D4F-4277-ACA6-4392490D2862}.Debug|Any CPU.Build.0 = Debug|Any CPU
		{821979F6-6D4F-4277-ACA6-4392490D2862}.Debug|x64.ActiveCfg = Debug|Any CPU
		{821979F6-6D4F-4277-ACA6-4392490D2862}.Debug|x64.Build.0 = Debug|Any CPU
		{821979F6-6D4F-4277-ACA6-4392490D2862}.Release|Any CPU.ActiveCfg = Release|Any CPU
		{821979F6-6D4F-4277-ACA6-4392490D2862}.Release|Any CPU.Build.0 = Release|Any CPU
		{821979F6-6D4F-4277-ACA6-4392490D2862}.Release|x64.ActiveCfg = Release|Any CPU
		{821979F6-6D4F-4277-ACA6-4392490D2862}.Release|x64.Build.0 = Release|Any CPU
		{CE2DC21A-F55F-4B74-8B2B-07EBE6FD43F2}.Debug|Any CPU.ActiveCfg = Debug|Any CPU
		{CE2DC21A-F55F-4B74-8B2B-07EBE6FD43F2}.Debug|Any CPU.Build.0 = Debug|Any CPU
		{CE2DC21A-F55F-4B74-8B2B-07EBE6FD43F2}.Debug|x64.ActiveCfg = Debug|Any CPU
		{CE2DC21A-F55F-4B74-8B2B-07EBE6FD43F2}.Debug|x64.Build.0 = Debug|Any CPU
		{CE2DC21A-F55F-4B74-8B2B-07EBE6FD43F2}.Release|Any CPU.ActiveCfg = Release|Any CPU
		{CE2DC21A-F55F-4B74-8B2B-07EBE6FD43F2}.Release|Any CPU.Build.0 = Release|Any CPU
		{CE2DC21A-F55F-4B74-8B2B-07EBE6FD43F2}.Release|x64.ActiveCfg = Release|Any CPU
		{CE2DC21A-F55F-4B74-8B2B-07EBE6FD43F2}.Release|x64.Build.0 = Release|Any CPU
	EndGlobalSection
	GlobalSection(SolutionProperties) = preSolution
		HideSolutionNode = FALSE
	EndGlobalSection
	GlobalSection(ExtensibilityGlobals) = postSolution
		SolutionGuid = {4C2A16B3-16BB-4934-8409-13C8424800FF}
	EndGlobalSection
EndGlobal
